
Microsoft Visual Studio Solution File, Format Version 12.00
# Visual Studio 15
Project("{FAE04EC0-301F-11D3-BF4B-00C04F79EFBC}") = "Epsagon.Dotnet.Core", "Epsagon.Dotnet.Core\Epsagon.Dotnet.Core.csproj", "{ED68DC9F-7E6D-4EE0-B6A4-920B5F847089}"
EndProject
Project("{FAE04EC0-301F-11D3-BF4B-00C04F79EFBC}") = "Epsagon.Dotnet.Lambda", "Epsagon.Dotnet.Lambda\Epsagon.Dotnet.Lambda.csproj", "{5ADB56E9-7132-4F29-8175-4BE92E6E94E3}"
EndProject
Project("{FAE04EC0-301F-11D3-BF4B-00C04F79EFBC}") = "Epsagon.Dotnet.Instrumentation", "Epsagon.Dotnet.Instrumentation\Epsagon.Dotnet.Instrumentation.csproj", "{C55DBA1F-7FDD-48FC-A3DD-2A0C3FEABB06}"
EndProject
Project("{FAE04EC0-301F-11D3-BF4B-00C04F79EFBC}") = "Epsagon.Dotnet.Tracing.OpenTracingJaeger", "Epsagon.Dotnet.Tracing.OpenTracingJaeger\Epsagon.Dotnet.Tracing.OpenTracingJaeger.csproj", "{E220FEA3-AE3E-40B9-87E0-6FF265CE5A45}"
EndProject
Project("{FAE04EC0-301F-11D3-BF4B-00C04F79EFBC}") = "Epsagon.Dotnet.Templates", "Epsagon.Dotnet.Templates\Epsagon.Dotnet.Templates.csproj", "{660C9919-73FA-480A-B9AC-29E34A5A9315}"
EndProject
Project("{2150E333-8FDC-42A3-9474-1A3956D46DE8}") = "lambda-test", "lambda-test", "{3ECA0A1D-DE96-42DC-A8AB-81D72CA4F73A}"
EndProject
Project("{2150E333-8FDC-42A3-9474-1A3956D46DE8}") = "src", "src", "{1E6F76FF-1B5A-4C4F-95EE-922BEC13D787}"
EndProject
Project("{FAE04EC0-301F-11D3-BF4B-00C04F79EFBC}") = "lambda-test", "lambda-test\src\lambda-test\lambda-test.csproj", "{00FFB8CF-134A-4E9A-8C23-3B5D1CA07D07}"
EndProject
Project("{FAE04EC0-301F-11D3-BF4B-00C04F79EFBC}") = "Epsagon.Dotnet.Tracing.Legacy", "Epsagon.Dotnet.Tracing.Legacy\Epsagon.Dotnet.Tracing.Legacy.csproj", "{9EC3DC69-2C2D-46BD-AC2A-97799F3C14D3}"
EndProject
Project("{FAE04EC0-301F-11D3-BF4B-00C04F79EFBC}") = "serverless-test", "lambda-test\src\serverless-test\serverless-test.csproj", "{4FD8EC76-F925-4B0A-8F91-0C5D2E5C1E13}"
EndProject
Global
	GlobalSection(SolutionConfigurationPlatforms) = preSolution
		Debug|Any CPU = Debug|Any CPU
		Release|Any CPU = Release|Any CPU
	EndGlobalSection
	GlobalSection(ProjectConfigurationPlatforms) = postSolution
		{ED68DC9F-7E6D-4EE0-B6A4-920B5F847089}.Debug|Any CPU.ActiveCfg = Debug|Any CPU
		{ED68DC9F-7E6D-4EE0-B6A4-920B5F847089}.Debug|Any CPU.Build.0 = Debug|Any CPU
		{ED68DC9F-7E6D-4EE0-B6A4-920B5F847089}.Release|Any CPU.ActiveCfg = Release|Any CPU
		{ED68DC9F-7E6D-4EE0-B6A4-920B5F847089}.Release|Any CPU.Build.0 = Release|Any CPU
		{5ADB56E9-7132-4F29-8175-4BE92E6E94E3}.Debug|Any CPU.ActiveCfg = Debug|Any CPU
		{5ADB56E9-7132-4F29-8175-4BE92E6E94E3}.Debug|Any CPU.Build.0 = Debug|Any CPU
		{5ADB56E9-7132-4F29-8175-4BE92E6E94E3}.Release|Any CPU.ActiveCfg = Release|Any CPU
		{5ADB56E9-7132-4F29-8175-4BE92E6E94E3}.Release|Any CPU.Build.0 = Release|Any CPU
		{C55DBA1F-7FDD-48FC-A3DD-2A0C3FEABB06}.Debug|Any CPU.ActiveCfg = Debug|Any CPU
		{C55DBA1F-7FDD-48FC-A3DD-2A0C3FEABB06}.Debug|Any CPU.Build.0 = Debug|Any CPU
		{C55DBA1F-7FDD-48FC-A3DD-2A0C3FEABB06}.Release|Any CPU.ActiveCfg = Release|Any CPU
		{C55DBA1F-7FDD-48FC-A3DD-2A0C3FEABB06}.Release|Any CPU.Build.0 = Release|Any CPU
		{E220FEA3-AE3E-40B9-87E0-6FF265CE5A45}.Debug|Any CPU.ActiveCfg = Debug|Any CPU
		{E220FEA3-AE3E-40B9-87E0-6FF265CE5A45}.Debug|Any CPU.Build.0 = Debug|Any CPU
		{E220FEA3-AE3E-40B9-87E0-6FF265CE5A45}.Release|Any CPU.ActiveCfg = Release|Any CPU
		{E220FEA3-AE3E-40B9-87E0-6FF265CE5A45}.Release|Any CPU.Build.0 = Release|Any CPU
		{660C9919-73FA-480A-B9AC-29E34A5A9315}.Debug|Any CPU.ActiveCfg = Debug|Any CPU
		{660C9919-73FA-480A-B9AC-29E34A5A9315}.Debug|Any CPU.Build.0 = Debug|Any CPU
		{660C9919-73FA-480A-B9AC-29E34A5A9315}.Release|Any CPU.ActiveCfg = Release|Any CPU
		{660C9919-73FA-480A-B9AC-29E34A5A9315}.Release|Any CPU.Build.0 = Release|Any CPU
		{00FFB8CF-134A-4E9A-8C23-3B5D1CA07D07}.Debug|Any CPU.ActiveCfg = Debug|Any CPU
		{00FFB8CF-134A-4E9A-8C23-3B5D1CA07D07}.Debug|Any CPU.Build.0 = Debug|Any CPU
		{00FFB8CF-134A-4E9A-8C23-3B5D1CA07D07}.Release|Any CPU.ActiveCfg = Release|Any CPU
		{00FFB8CF-134A-4E9A-8C23-3B5D1CA07D07}.Release|Any CPU.Build.0 = Release|Any CPU
		{9EC3DC69-2C2D-46BD-AC2A-97799F3C14D3}.Debug|Any CPU.ActiveCfg = Debug|Any CPU
		{9EC3DC69-2C2D-46BD-AC2A-97799F3C14D3}.Debug|Any CPU.Build.0 = Debug|Any CPU
		{9EC3DC69-2C2D-46BD-AC2A-97799F3C14D3}.Release|Any CPU.ActiveCfg = Release|Any CPU
		{9EC3DC69-2C2D-46BD-AC2A-97799F3C14D3}.Release|Any CPU.Build.0 = Release|Any CPU
		{4FD8EC76-F925-4B0A-8F91-0C5D2E5C1E13}.Debug|Any CPU.ActiveCfg = Debug|Any CPU
		{4FD8EC76-F925-4B0A-8F91-0C5D2E5C1E13}.Debug|Any CPU.Build.0 = Debug|Any CPU
		{4FD8EC76-F925-4B0A-8F91-0C5D2E5C1E13}.Release|Any CPU.ActiveCfg = Release|Any CPU
		{4FD8EC76-F925-4B0A-8F91-0C5D2E5C1E13}.Release|Any CPU.Build.0 = Release|Any CPU
	EndGlobalSection
	GlobalSection(NestedProjects) = preSolution
		{1E6F76FF-1B5A-4C4F-95EE-922BEC13D787} = {3ECA0A1D-DE96-42DC-A8AB-81D72CA4F73A}
		{00FFB8CF-134A-4E9A-8C23-3B5D1CA07D07} = {1E6F76FF-1B5A-4C4F-95EE-922BEC13D787}
		{4FD8EC76-F925-4B0A-8F91-0C5D2E5C1E13} = {1E6F76FF-1B5A-4C4F-95EE-922BEC13D787}
	EndGlobalSection
EndGlobal
